
Microsoft Visual Studio Solution File, Format Version 12.00
# Visual Studio Version 16
VisualStudioVersion = 16.0.30503.244
MinimumVisualStudioVersion = 10.0.40219.1
Project("{8BC9CEB8-8B4A-11D0-8D11-00A0C91BC942}") = "Coding Final year 2", "Coding Final year 2\Coding Final year 2.vcxproj", "{72CAE5BD-F82F-4004-A84A-65CEA9B60212}"
EndProject
Global
	GlobalSection(SolutionConfigurationPlatforms) = preSolution
		Debug|x64 = Debug|x64
		Debug|x86 = Debug|x86
		Release|x64 = Release|x64
		Release|x86 = Release|x86
	EndGlobalSection
	GlobalSection(ProjectConfigurationPlatforms) = postSolution
		{72CAE5BD-F82F-4004-A84A-65CEA9B60212}.Debug|x64.ActiveCfg = Debug|x64
		{72CAE5BD-F82F-4004-A84A-65CEA9B60212}.Debug|x64.Build.0 = Debug|x64
		{72CAE5BD-F82F-4004-A84A-65CEA9B60212}.Debug|x86.ActiveCfg = Debug|Win32
		{72CAE5BD-F82F-4004-A84A-65CEA9B60212}.Debug|x86.Build.0 = Debug|Win32
		{72CAE5BD-F82F-4004-A84A-65CEA9B60212}.Release|x64.ActiveCfg = Release|x64
		{72CAE5BD-F82F-4004-A84A-65CEA9B60212}.Release|x64.Build.0 = Release|x64
		{72CAE5BD-F82F-4004-A84A-65CEA9B60212}.Release|x86.ActiveCfg = Release|Win32
		{72CAE5BD-F82F-4004-A84A-65CEA9B60212}.Release|x86.Build.0 = Release|Win32
	EndGlobalSection
	GlobalSection(SolutionProperties) = preSolution
		HideSolutionNode = FALSE
	EndGlobalSection
	GlobalSection(ExtensibilityGlobals) = postSolution
		SolutionGuid = {E5630737-17DC-4CB9-80AB-4F7A1C2DACCF}
	EndGlobalSection
EndGlobal
