
Microsoft Visual Studio Solution File, Format Version 12.00
# Visual Studio Version 16
VisualStudioVersion = 16.0.30503.244
MinimumVisualStudioVersion = 10.0.40219.1
Project("{8BC9CEB8-8B4A-11D0-8D11-00A0C91BC942}") = "Triangle", "Triangle\Triangle.vcxproj", "{77E03D05-C228-4A2B-8EA9-6A0A3A4F9CBF}"
EndProject
Global
	GlobalSection(SolutionConfigurationPlatforms) = preSolution
		Debug|x64 = Debug|x64
		Debug|x86 = Debug|x86
		Release|x64 = Release|x64
		Release|x86 = Release|x86
	EndGlobalSection
	GlobalSection(ProjectConfigurationPlatforms) = postSolution
		{77E03D05-C228-4A2B-8EA9-6A0A3A4F9CBF}.Debug|x64.ActiveCfg = Debug|x64
		{77E03D05-C228-4A2B-8EA9-6A0A3A4F9CBF}.Debug|x64.Build.0 = Debug|x64
		{77E03D05-C228-4A2B-8EA9-6A0A3A4F9CBF}.Debug|x86.ActiveCfg = Debug|Win32
		{77E03D05-C228-4A2B-8EA9-6A0A3A4F9CBF}.Debug|x86.Build.0 = Debug|Win32
		{77E03D05-C228-4A2B-8EA9-6A0A3A4F9CBF}.Release|x64.ActiveCfg = Release|x64
		{77E03D05-C228-4A2B-8EA9-6A0A3A4F9CBF}.Release|x64.Build.0 = Release|x64
		{77E03D05-C228-4A2B-8EA9-6A0A3A4F9CBF}.Release|x86.ActiveCfg = Release|Win32
		{77E03D05-C228-4A2B-8EA9-6A0A3A4F9CBF}.Release|x86.Build.0 = Release|Win32
	EndGlobalSection
	GlobalSection(SolutionProperties) = preSolution
		HideSolutionNode = FALSE
	EndGlobalSection
	GlobalSection(ExtensibilityGlobals) = postSolution
		SolutionGuid = {2207EB13-AC77-46A5-98A2-FCA94F491EF8}
	EndGlobalSection
EndGlobal
