
Microsoft Visual Studio Solution File, Format Version 12.00
# Visual Studio Version 16
VisualStudioVersion = 16.0.30503.244
MinimumVisualStudioVersion = 10.0.40219.1
Project("{8BC9CEB8-8B4A-11D0-8D11-00A0C91BC942}") = "Prime Number", "Prime Number\Prime Number.vcxproj", "{459DC9C8-8428-497B-BA38-4032497B967E}"
EndProject
Global
	GlobalSection(SolutionConfigurationPlatforms) = preSolution
		Debug|x64 = Debug|x64
		Debug|x86 = Debug|x86
		Release|x64 = Release|x64
		Release|x86 = Release|x86
	EndGlobalSection
	GlobalSection(ProjectConfigurationPlatforms) = postSolution
		{459DC9C8-8428-497B-BA38-4032497B967E}.Debug|x64.ActiveCfg = Debug|x64
		{459DC9C8-8428-497B-BA38-4032497B967E}.Debug|x64.Build.0 = Debug|x64
		{459DC9C8-8428-497B-BA38-4032497B967E}.Debug|x86.ActiveCfg = Debug|Win32
		{459DC9C8-8428-497B-BA38-4032497B967E}.Debug|x86.Build.0 = Debug|Win32
		{459DC9C8-8428-497B-BA38-4032497B967E}.Release|x64.ActiveCfg = Release|x64
		{459DC9C8-8428-497B-BA38-4032497B967E}.Release|x64.Build.0 = Release|x64
		{459DC9C8-8428-497B-BA38-4032497B967E}.Release|x86.ActiveCfg = Release|Win32
		{459DC9C8-8428-497B-BA38-4032497B967E}.Release|x86.Build.0 = Release|Win32
	EndGlobalSection
	GlobalSection(SolutionProperties) = preSolution
		HideSolutionNode = FALSE
	EndGlobalSection
	GlobalSection(ExtensibilityGlobals) = postSolution
		SolutionGuid = {3FC246E5-FD42-4942-BA58-60044937240D}
	EndGlobalSection
EndGlobal
