
Microsoft Visual Studio Solution File, Format Version 12.00
# Visual Studio Version 16
VisualStudioVersion = 16.0.30503.244
MinimumVisualStudioVersion = 10.0.40219.1
Project("{8BC9CEB8-8B4A-11D0-8D11-00A0C91BC942}") = "test 2", "test 2\test 2.vcxproj", "{4AF901A3-0174-47EF-ACD2-8C8718BC41FA}"
EndProject
Global
	GlobalSection(SolutionConfigurationPlatforms) = preSolution
		Debug|x64 = Debug|x64
		Debug|x86 = Debug|x86
		Release|x64 = Release|x64
		Release|x86 = Release|x86
	EndGlobalSection
	GlobalSection(ProjectConfigurationPlatforms) = postSolution
		{4AF901A3-0174-47EF-ACD2-8C8718BC41FA}.Debug|x64.ActiveCfg = Debug|x64
		{4AF901A3-0174-47EF-ACD2-8C8718BC41FA}.Debug|x64.Build.0 = Debug|x64
		{4AF901A3-0174-47EF-ACD2-8C8718BC41FA}.Debug|x86.ActiveCfg = Debug|Win32
		{4AF901A3-0174-47EF-ACD2-8C8718BC41FA}.Debug|x86.Build.0 = Debug|Win32
		{4AF901A3-0174-47EF-ACD2-8C8718BC41FA}.Release|x64.ActiveCfg = Release|x64
		{4AF901A3-0174-47EF-ACD2-8C8718BC41FA}.Release|x64.Build.0 = Release|x64
		{4AF901A3-0174-47EF-ACD2-8C8718BC41FA}.Release|x86.ActiveCfg = Release|Win32
		{4AF901A3-0174-47EF-ACD2-8C8718BC41FA}.Release|x86.Build.0 = Release|Win32
	EndGlobalSection
	GlobalSection(SolutionProperties) = preSolution
		HideSolutionNode = FALSE
	EndGlobalSection
	GlobalSection(ExtensibilityGlobals) = postSolution
		SolutionGuid = {A370F1AC-7DCF-43BE-A152-D0D8B7380111}
	EndGlobalSection
EndGlobal
